
Microsoft Visual Studio Solution File, Format Version 12.00
# Visual Studio Version 16
VisualStudioVersion = 16.0.30503.244
MinimumVisualStudioVersion = 10.0.40219.1
Project("{FAE04EC0-301F-11D3-BF4B-00C04F79EFBC}") = "PTA_Bot", "PTA_Bot\PTA_Bot.csproj", "{C4610F07-5EB7-4AF7-8AF0-41E754A55C9C}"
EndProject
Global
	GlobalSection(SolutionConfigurationPlatforms) = preSolution
		Debug|Any CPU = Debug|Any CPU
		Release|Any CPU = Release|Any CPU
	EndGlobalSection
	GlobalSection(ProjectConfigurationPlatforms) = postSolution
		{C4610F07-5EB7-4AF7-8AF0-41E754A55C9C}.Debug|Any CPU.ActiveCfg = Debug|Any CPU
		{C4610F07-5EB7-4AF7-8AF0-41E754A55C9C}.Debug|Any CPU.Build.0 = Debug|Any CPU
		{C4610F07-5EB7-4AF7-8AF0-41E754A55C9C}.Release|Any CPU.ActiveCfg = Release|Any CPU
		{C4610F07-5EB7-4AF7-8AF0-41E754A55C9C}.Release|Any CPU.Build.0 = Release|Any CPU
	EndGlobalSection
	GlobalSection(SolutionProperties) = preSolution
		HideSolutionNode = FALSE
	EndGlobalSection
	GlobalSection(ExtensibilityGlobals) = postSolution
		SolutionGuid = {9271187A-988C-4AD6-A245-742450A61318}
	EndGlobalSection
EndGlobal
